NeoBundleLock TaskList.vim 8e2dfdcc6e13d8afab5b3f620ee06ebb29b786f9
NeoBundleLock Zenburn 33e67af2418e4775c2a7abc6e8fef401e697e1eb
NeoBundleLock bing-translate.vim c58402cf2f21e54538ea44b3dee9928e02c06cad
NeoBundleLock emmet-vim 1c46c5fb775606621906f0bedc8da8bc636c1dac
NeoBundleLock excelview-vim a91ab834471dd84844d0290cba881b97bd237d6d
NeoBundleLock gundo.vim 3975ac871565115e3769dc69c06bc88ddc1369af
NeoBundleLock html5.vim 9bfa00bdb3fdca07c490b527e5e6ec6c4b017d3b
NeoBundleLock neobundle.vim 47378b51acba6c5e5c182e7077a72919a9744132
NeoBundleLock neocomplete.vim 0a8a7e8a72a23459c2eda5116fe9b22b0dad7a3e
NeoBundleLock neosnippet f1afc46c5d2987d98c89cee9bb38c84885cf6741
NeoBundleLock neosnippet.vim 076005456012de32e2f0e5bb6d092f22d30d611d
NeoBundleLock solarized e40cd4130e2a82f9b03ada1ca378b7701b1a9110
NeoBundleLock translategoogle.vim 5c0cc40c963995fcdec217219ecfdd6d4027563e
NeoBundleLock unite.vim 1628490283f1a040cebc12d4a55110b0d18d36a1
NeoBundleLock vim-css3-syntax 33d21c75cfc8e4af16e1a1d58961c27ce13d3637
NeoBundleLock vim-gdev 3e685265d8425001cebd92b49dfb3b1db77992e2
NeoBundleLock vim-ps1 2c241d1360c8f7711fbba22afbb6a96e1ebcc2b2
NeoBundleLock vim-quickrun 8831392c8683a8cfd1f62a5b43dd4a4b309cfeb7
NeoBundleLock vim-surround 772ab9587b7d1e2c3bae75395c9123803059ba8a
NeoBundleLock vim-template e6e3a8c6b4f7520406f0b5f5a7e7f5507f1834d4
NeoBundleLock vim_goshrepl db5e2ad7d0ff51d0b4d8e4a8ac4943dcacd4230f
NeoBundleLock vimfiler 6281961a28eec81ad7da5f34a666e2b190822018
NeoBundleLock vimproc 2f71b7fb859555b4b68e92f194b43e151327d21c
NeoBundleLock vimshell b33a6c62d865ec6722a9342f4db8066387e83254
NeoBundleLock w3m.vim e7da582afb112116f48f7645b11855eb4bb62931
NeoBundleLock zencoding-vim e742a1f767ebe363a8f0ff160938016713cd07ba
